
Microsoft Visual Studio Solution File, Format Version 12.00
# Visual Studio Version 17
VisualStudioVersion = 17.2.32616.157
MinimumVisualStudioVersion = 10.0.40219.1
Project("{8BC9CEB8-8B4A-11D0-8D11-00A0C91BC942}") = "Ex1", "Ex1\Ex1.vcxproj", "{95CD3D67-758D-4217-BE99-6CD2BEAA0FAD}"
EndProject
Project("{8BC9CEB8-8B4A-11D0-8D11-00A0C91BC942}") = "Ex2", "Ex2\Ex2.vcxproj", "{D495A6D4-7D29-4866-8B99-173EF26F4F9D}"
EndProject
Project("{8BC9CEB8-8B4A-11D0-8D11-00A0C91BC942}") = "Ex3", "Ex3\Ex3.vcxproj", "{5962F1E9-A0E5-41E7-A450-A75E8DDE2466}"
EndProject
Project("{8BC9CEB8-8B4A-11D0-8D11-00A0C91BC942}") = "Ex4", "Ex4\Ex4.vcxproj", "{83B7ABA1-E679-4D19-88E2-52E49AA95EDE}"
EndProject
Project("{8BC9CEB8-8B4A-11D0-8D11-00A0C91BC942}") = "Ex5", "Ex5\Ex5.vcxproj", "{4EE017F3-F879-46CC-A71D-C917C91F0939}"
EndProject
Project("{8BC9CEB8-8B4A-11D0-8D11-00A0C91BC942}") = "Ex6", "Ex6\Ex6.vcxproj", "{74121F98-6B8A-48E8-BE22-CB6482CECBA3}"
EndProject
Global
	GlobalSection(SolutionConfigurationPlatforms) = preSolution
		Debug|x64 = Debug|x64
		Debug|x86 = Debug|x86
		Release|x64 = Release|x64
		Release|x86 = Release|x86
	EndGlobalSection
	GlobalSection(ProjectConfigurationPlatforms) = postSolution
		{95CD3D67-758D-4217-BE99-6CD2BEAA0FAD}.Debug|x64.ActiveCfg = Debug|x64
		{95CD3D67-758D-4217-BE99-6CD2BEAA0FAD}.Debug|x64.Build.0 = Debug|x64
		{95CD3D67-758D-4217-BE99-6CD2BEAA0FAD}.Debug|x86.ActiveCfg = Debug|Win32
		{95CD3D67-758D-4217-BE99-6CD2BEAA0FAD}.Debug|x86.Build.0 = Debug|Win32
		{95CD3D67-758D-4217-BE99-6CD2BEAA0FAD}.Release|x64.ActiveCfg = Release|x64
		{95CD3D67-758D-4217-BE99-6CD2BEAA0FAD}.Release|x64.Build.0 = Release|x64
		{95CD3D67-758D-4217-BE99-6CD2BEAA0FAD}.Release|x86.ActiveCfg = Release|Win32
		{95CD3D67-758D-4217-BE99-6CD2BEAA0FAD}.Release|x86.Build.0 = Release|Win32
		{D495A6D4-7D29-4866-8B99-173EF26F4F9D}.Debug|x64.ActiveCfg = Debug|x64
		{D495A6D4-7D29-4866-8B99-173EF26F4F9D}.Debug|x64.Build.0 = Debug|x64
		{D495A6D4-7D29-4866-8B99-173EF26F4F9D}.Debug|x86.ActiveCfg = Debug|Win32
		{D495A6D4-7D29-4866-8B99-173EF26F4F9D}.Debug|x86.Build.0 = Debug|Win32
		{D495A6D4-7D29-4866-8B99-173EF26F4F9D}.Release|x64.ActiveCfg = Release|x64
		{D495A6D4-7D29-4866-8B99-173EF26F4F9D}.Release|x64.Build.0 = Release|x64
		{D495A6D4-7D29-4866-8B99-173EF26F4F9D}.Release|x86.ActiveCfg = Release|Win32
		{D495A6D4-7D29-4866-8B99-173EF26F4F9D}.Release|x86.Build.0 = Release|Win32
		{5962F1E9-A0E5-41E7-A450-A75E8DDE2466}.Debug|x64.ActiveCfg = Debug|x64
		{5962F1E9-A0E5-41E7-A450-A75E8DDE2466}.Debug|x64.Build.0 = Debug|x64
		{5962F1E9-A0E5-41E7-A450-A75E8DDE2466}.Debug|x86.ActiveCfg = Debug|Win32
		{5962F1E9-A0E5-41E7-A450-A75E8DDE2466}.Debug|x86.Build.0 = Debug|Win32
		{5962F1E9-A0E5-41E7-A450-A75E8DDE2466}.Release|x64.ActiveCfg = Release|x64
		{5962F1E9-A0E5-41E7-A450-A75E8DDE2466}.Release|x64.Build.0 = Release|x64
		{5962F1E9-A0E5-41E7-A450-A75E8DDE2466}.Release|x86.ActiveCfg = Release|Win32
		{5962F1E9-A0E5-41E7-A450-A75E8DDE2466}.Release|x86.Build.0 = Release|Win32
		{83B7ABA1-E679-4D19-88E2-52E49AA95EDE}.Debug|x64.ActiveCfg = Debug|x64
		{83B7ABA1-E679-4D19-88E2-52E49AA95EDE}.Debug|x64.Build.0 = Debug|x64
		{83B7ABA1-E679-4D19-88E2-52E49AA95EDE}.Debug|x86.ActiveCfg = Debug|Win32
		{83B7ABA1-E679-4D19-88E2-52E49AA95EDE}.Debug|x86.Build.0 = Debug|Win32
		{83B7ABA1-E679-4D19-88E2-52E49AA95EDE}.Release|x64.ActiveCfg = Release|x64
		{83B7ABA1-E679-4D19-88E2-52E49AA95EDE}.Release|x64.Build.0 = Release|x64
		{83B7ABA1-E679-4D19-88E2-52E49AA95EDE}.Release|x86.ActiveCfg = Release|Win32
		{83B7ABA1-E679-4D19-88E2-52E49AA95EDE}.Release|x86.Build.0 = Release|Win32
		{4EE017F3-F879-46CC-A71D-C917C91F0939}.Debug|x64.ActiveCfg = Debug|x64
		{4EE017F3-F879-46CC-A71D-C917C91F0939}.Debug|x64.Build.0 = Debug|x64
		{4EE017F3-F879-46CC-A71D-C917C91F0939}.Debug|x86.ActiveCfg = Debug|Win32
		{4EE017F3-F879-46CC-A71D-C917C91F0939}.Debug|x86.Build.0 = Debug|Win32
		{4EE017F3-F879-46CC-A71D-C917C91F0939}.Release|x64.ActiveCfg = Release|x64
		{4EE017F3-F879-46CC-A71D-C917C91F0939}.Release|x64.Build.0 = Release|x64
		{4EE017F3-F879-46CC-A71D-C917C91F0939}.Release|x86.ActiveCfg = Release|Win32
		{4EE017F3-F879-46CC-A71D-C917C91F0939}.Release|x86.Build.0 = Release|Win32
		{74121F98-6B8A-48E8-BE22-CB6482CECBA3}.Debug|x64.ActiveCfg = Debug|x64
		{74121F98-6B8A-48E8-BE22-CB6482CECBA3}.Debug|x64.Build.0 = Debug|x64
		{74121F98-6B8A-48E8-BE22-CB6482CECBA3}.Debug|x86.ActiveCfg = Debug|Win32
		{74121F98-6B8A-48E8-BE22-CB6482CECBA3}.Debug|x86.Build.0 = Debug|Win32
		{74121F98-6B8A-48E8-BE22-CB6482CECBA3}.Release|x64.ActiveCfg = Release|x64
		{74121F98-6B8A-48E8-BE22-CB6482CECBA3}.Release|x64.Build.0 = Release|x64
		{74121F98-6B8A-48E8-BE22-CB6482CECBA3}.Release|x86.ActiveCfg = Release|Win32
		{74121F98-6B8A-48E8-BE22-CB6482CECBA3}.Release|x86.Build.0 = Release|Win32
	EndGlobalSection
	GlobalSection(SolutionProperties) = preSolution
		HideSolutionNode = FALSE
	EndGlobalSection
	GlobalSection(ExtensibilityGlobals) = postSolution
		SolutionGuid = {BA733A3C-B857-4228-B607-AE6F561C9802}
	EndGlobalSection
EndGlobal
